
Microsoft Visual Studio Solution File, Format Version 12.00
# Visual Studio Version 17
VisualStudioVersion = 17.1.32414.318
MinimumVisualStudioVersion = 10.0.40219.1
Project("{9A19103F-16F7-4668-BE54-9A1E7A4F7556}") = "PortfolioTemplateAPI", "PortfolioTemplateAPI\PortfolioTemplateAPI.csproj", "{C7C2AF38-E1E3-4937-9B96-0E5739D3C68D}"
EndProject
Global
	GlobalSection(SolutionConfigurationPlatforms) = preSolution
		Debug|Any CPU = Debug|Any CPU
		Release|Any CPU = Release|Any CPU
	EndGlobalSection
	GlobalSection(ProjectConfigurationPlatforms) = postSolution
		{C7C2AF38-E1E3-4937-9B96-0E5739D3C68D}.Debug|Any CPU.ActiveCfg = Debug|Any CPU
		{C7C2AF38-E1E3-4937-9B96-0E5739D3C68D}.Debug|Any CPU.Build.0 = Debug|Any CPU
		{C7C2AF38-E1E3-4937-9B96-0E5739D3C68D}.Release|Any CPU.ActiveCfg = Release|Any CPU
		{C7C2AF38-E1E3-4937-9B96-0E5739D3C68D}.Release|Any CPU.Build.0 = Release|Any CPU
	EndGlobalSection
	GlobalSection(SolutionProperties) = preSolution
		HideSolutionNode = FALSE
	EndGlobalSection
	GlobalSection(ExtensibilityGlobals) = postSolution
		SolutionGuid = {8FC8008C-8CFC-47A2-B612-03E938E25078}
	EndGlobalSection
EndGlobal
